// !$*UTF8*$!
{
	archiveVersion = 1;
	classes = {
	};
	objectVersion = 50;
	objects = {

/* Begin PBXBuildFile section */
		DF37255122A2C44E004A1536 /* LinkList.cpp in Sources */ = {isa = PBXBuildFile; fileRef = DF37254F22A2C44E004A1536 /* LinkList.cpp */; };
		DF43902822EE7F6900AF8F9B /* A1025.cpp in Sources */ = {isa = PBXBuildFile; fileRef = DF43902722EE7F6900AF8F9B /* A1025.cpp */; };
		DF43902A22EF140000AF8F9B /* B1020.cpp in Sources */ = {isa = PBXBuildFile; fileRef = DF43902922EF140000AF8F9B /* B1020.cpp */; };
		DF5E99AD22A2AD6D00954903 /* main.cpp in Sources */ = {isa = PBXBuildFile; fileRef = DF5E99AC22A2AD6D00954903 /* main.cpp */; };
		DF6C1D4D22CF363100B3760D /* B1001.cpp in Sources */ = {isa = PBXBuildFile; fileRef = DF6C1D4B22CF363100B3760D /* B1001.cpp */; };
		DF6C1D4F22CF3A8200B3760D /* B1032.cpp in Sources */ = {isa = PBXBuildFile; fileRef = DF6C1D4E22CF3A8200B3760D /* B1032.cpp */; };
		DF6C1D5122CF3F5A00B3760D /* c1934.cpp in Sources */ = {isa = PBXBuildFile; fileRef = DF6C1D5022CF3F5A00B3760D /* c1934.cpp */; };
		DF6C1D5322CF467700B3760D /* B1036.cpp in Sources */ = {isa = PBXBuildFile; fileRef = DF6C1D5222CF467700B3760D /* B1036.cpp */; };
		DF6C1D5522CF528500B3760D /* c5901.cpp in Sources */ = {isa = PBXBuildFile; fileRef = DF6C1D5422CF528500B3760D /* c5901.cpp */; };
		DF70B1D522ED941100C7B22D /* B1009.cpp in Sources */ = {isa = PBXBuildFile; fileRef = DF70B1D422ED941100C7B22D /* B1009.cpp */; };
		DF70B1D722ED9ADE00C7B22D /* sort.cpp in Sources */ = {isa = PBXBuildFile; fileRef = DF70B1D622ED9ADE00C7B22D /* sort.cpp */; };
		DF70B1D922EDA68400C7B22D /* stl.cpp in Sources */ = {isa = PBXBuildFile; fileRef = DF70B1D822EDA68400C7B22D /* stl.cpp */; };
		DF70B1DB22EDC75B00C7B22D /* B1022.cpp in Sources */ = {isa = PBXBuildFile; fileRef = DF70B1DA22EDC75B00C7B22D /* B1022.cpp */; };
		DF8BB9CB22A2B1990019739A /* SeqList.cpp in Sources */ = {isa = PBXBuildFile; fileRef = DF8BB9C922A2B1990019739A /* SeqList.cpp */; };
		DFAAC5B022B0E8DA00DF0EF0 /* QuickSort.cpp in Sources */ = {isa = PBXBuildFile; fileRef = DFAAC5AE22B0E8DA00DF0EF0 /* QuickSort.cpp */; };
/* End PBXBuildFile section */

/* Begin PBXCopyFilesBuildPhase section */
		DF5E99A722A2AD6D00954903 /* CopyFiles */ = {
			isa = PBXCopyFilesBuildPhase;
			buildActionMask = 2147483647;
			dstPath = /usr/share/man/man1/;
			dstSubfolderSpec = 0;
			files = (
			);
			runOnlyForDeploymentPostprocessing = 1;
		};
/* End PBXCopyFilesBuildPhase section */

/* Begin PBXFileReference section */
		DF37254F22A2C44E004A1536 /* LinkList.cpp */ = {isa = PBXFileReference; lastKnownFileType = sourcecode.cpp.cpp; path = LinkList.cpp; sourceTree = "<group>"; };
		DF37255022A2C44E004A1536 /* LinkList.hpp */ = {isa = PBXFileReference; lastKnownFileType = sourcecode.cpp.h; path = LinkList.hpp; sourceTree = "<group>"; };
		DF43902722EE7F6900AF8F9B /* A1025.cpp */ = {isa = PBXFileReference; lastKnownFileType = sourcecode.cpp.cpp; path = A1025.cpp; sourceTree = "<group>"; };
		DF43902922EF140000AF8F9B /* B1020.cpp */ = {isa = PBXFileReference; lastKnownFileType = sourcecode.cpp.cpp; path = B1020.cpp; sourceTree = "<group>"; };
		DF5E99A922A2AD6D00954903 /* DataStructure */ = {isa = PBXFileReference; explicitFileType = "compiled.mach-o.executable"; includeInIndex = 0; path = DataStructure; sourceTree = BUILT_PRODUCTS_DIR; };
		DF5E99AC22A2AD6D00954903 /* main.cpp */ = {isa = PBXFileReference; lastKnownFileType = sourcecode.cpp.cpp; path = main.cpp; sourceTree = "<group>"; };
		DF6C1D4B22CF363100B3760D /* B1001.cpp */ = {isa = PBXFileReference; lastKnownFileType = sourcecode.cpp.cpp; path = B1001.cpp; sourceTree = "<group>"; };
		DF6C1D4E22CF3A8200B3760D /* B1032.cpp */ = {isa = PBXFileReference; lastKnownFileType = sourcecode.cpp.cpp; path = B1032.cpp; sourceTree = "<group>"; };
		DF6C1D5022CF3F5A00B3760D /* c1934.cpp */ = {isa = PBXFileReference; lastKnownFileType = sourcecode.cpp.cpp; path = c1934.cpp; sourceTree = "<group>"; };
		DF6C1D5222CF467700B3760D /* B1036.cpp */ = {isa = PBXFileReference; lastKnownFileType = sourcecode.cpp.cpp; path = B1036.cpp; sourceTree = "<group>"; };
		DF6C1D5422CF528500B3760D /* c5901.cpp */ = {isa = PBXFileReference; lastKnownFileType = sourcecode.cpp.cpp; path = c5901.cpp; sourceTree = "<group>"; };
		DF70B1D422ED941100C7B22D /* B1009.cpp */ = {isa = PBXFileReference; lastKnownFileType = sourcecode.cpp.cpp; path = B1009.cpp; sourceTree = "<group>"; };
		DF70B1D622ED9ADE00C7B22D /* sort.cpp */ = {isa = PBXFileReference; lastKnownFileType = sourcecode.cpp.cpp; path = sort.cpp; sourceTree = "<group>"; };
		DF70B1D822EDA68400C7B22D /* stl.cpp */ = {isa = PBXFileReference; lastKnownFileType = sourcecode.cpp.cpp; path = stl.cpp; sourceTree = "<group>"; };
		DF70B1DA22EDC75B00C7B22D /* B1022.cpp */ = {isa = PBXFileReference; lastKnownFileType = sourcecode.cpp.cpp; path = B1022.cpp; sourceTree = "<group>"; };
		DF8BB9C922A2B1990019739A /* SeqList.cpp */ = {isa = PBXFileReference; lastKnownFileType = sourcecode.cpp.cpp; path = SeqList.cpp; sourceTree = "<group>"; };
		DF8BB9CA22A2B1990019739A /* SeqList.hpp */ = {isa = PBXFileReference; lastKnownFileType = sourcecode.cpp.h; path = SeqList.hpp; sourceTree = "<group>"; };
		DFAAC5AE22B0E8DA00DF0EF0 /* QuickSort.cpp */ = {isa = PBXFileReference; lastKnownFileType = sourcecode.cpp.cpp; path = QuickSort.cpp; sourceTree = "<group>"; };
		DFAAC5AF22B0E8DA00DF0EF0 /* QuickSort.hpp */ = {isa = PBXFileReference; lastKnownFileType = sourcecode.cpp.h; path = QuickSort.hpp; sourceTree = "<group>"; };
/* End PBXFileReference section */

/* Begin PBXFrameworksBuildPhase section */
		DF5E99A622A2AD6D00954903 /* Frameworks */ = {
			isa = PBXFrameworksBuildPhase;
			buildActionMask = 2147483647;
			files = (
			);
			runOnlyForDeploymentPostprocessing = 0;
		};
/* End PBXFrameworksBuildPhase section */

/* Begin PBXGroup section */
		DF5E99A022A2AD6D00954903 = {
			isa = PBXGroup;
			children = (
				DF5E99AB22A2AD6D00954903 /* DataStructure */,
				DF5E99AA22A2AD6D00954903 /* Products */,
			);
			sourceTree = "<group>";
		};
		DF5E99AA22A2AD6D00954903 /* Products */ = {
			isa = PBXGroup;
			children = (
				DF5E99A922A2AD6D00954903 /* DataStructure */,
			);
			name = Products;
			sourceTree = "<group>";
		};
		DF5E99AB22A2AD6D00954903 /* DataStructure */ = {
			isa = PBXGroup;
			children = (
				DF5E99AC22A2AD6D00954903 /* main.cpp */,
				DF6C1D4B22CF363100B3760D /* B1001.cpp */,
				DF6C1D5422CF528500B3760D /* c5901.cpp */,
				DF70B1D422ED941100C7B22D /* B1009.cpp */,
				DF70B1D622ED9ADE00C7B22D /* sort.cpp */,
				DF70B1D822EDA68400C7B22D /* stl.cpp */,
				DF43902922EF140000AF8F9B /* B1020.cpp */,
				DF43902722EE7F6900AF8F9B /* A1025.cpp */,
				DF70B1DA22EDC75B00C7B22D /* B1022.cpp */,
				DF6C1D4E22CF3A8200B3760D /* B1032.cpp */,
				DF6C1D5022CF3F5A00B3760D /* c1934.cpp */,
				DF6C1D5222CF467700B3760D /* B1036.cpp */,
				DF8BB9C922A2B1990019739A /* SeqList.cpp */,
				DF8BB9CA22A2B1990019739A /* SeqList.hpp */,
				DF37255022A2C44E004A1536 /* LinkList.hpp */,
				DF37254F22A2C44E004A1536 /* LinkList.cpp */,
				DFAAC5AE22B0E8DA00DF0EF0 /* QuickSort.cpp */,
				DFAAC5AF22B0E8DA00DF0EF0 /* QuickSort.hpp */,
			);
			path = DataStructure;
			sourceTree = "<group>";
		};
/* End PBXGroup section */

/* Begin PBXNativeTarget section */
		DF5E99A822A2AD6D00954903 /* DataStructure */ = {
			isa = PBXNativeTarget;
			buildConfigurationList = DF5E99B022A2AD6D00954903 /* Build configuration list for PBXNativeTarget "DataStructure" */;
			buildPhases = (
				DF5E99A522A2AD6D00954903 /* Sources */,
				DF5E99A622A2AD6D00954903 /* Frameworks */,
				DF5E99A722A2AD6D00954903 /* CopyFiles */,
			);
			buildRules = (
			);
			dependencies = (
			);
			name = DataStructure;
			productName = DataStructure;
			productReference = DF5E99A922A2AD6D00954903 /* DataStructure */;
			productType = "com.apple.product-type.tool";
		};
/* End PBXNativeTarget section */

/* Begin PBXProject section */
		DF5E99A122A2AD6D00954903 /* Project object */ = {
			isa = PBXProject;
			attributes = {
				LastUpgradeCheck = 1020;
				ORGANIZATIONNAME = none;
				TargetAttributes = {
					DF5E99A822A2AD6D00954903 = {
						CreatedOnToolsVersion = 10.2.1;
					};
				};
			};
			buildConfigurationList = DF5E99A422A2AD6D00954903 /* Build configuration list for PBXProject "DataStructure" */;
			compatibilityVersion = "Xcode 9.3";
			developmentRegion = en;
			hasScannedForEncodings = 0;
			knownRegions = (
				en,
			);
			mainGroup = DF5E99A022A2AD6D00954903;
			productRefGroup = DF5E99AA22A2AD6D00954903 /* Products */;
			projectDirPath = "";
			projectRoot = "";
			targets = (
				DF5E99A822A2AD6D00954903 /* DataStructure */,
			);
		};
/* End PBXProject section */

/* Begin PBXSourcesBuildPhase section */
		DF5E99A522A2AD6D00954903 /* Sources */ = {
			isa = PBXSourcesBuildPhase;
			buildActionMask = 2147483647;
			files = (
				DF70B1DB22EDC75B00C7B22D /* B1022.cpp in Sources */,
				DF70B1D722ED9ADE00C7B22D /* sort.cpp in Sources */,
				DF5E99AD22A2AD6D00954903 /* main.cpp in Sources */,
				DF8BB9CB22A2B1990019739A /* SeqList.cpp in Sources */,
				DF70B1D922EDA68400C7B22D /* stl.cpp in Sources */,
				DF6C1D5122CF3F5A00B3760D /* c1934.cpp in Sources */,
				DF6C1D4F22CF3A8200B3760D /* B1032.cpp in Sources */,
				DF6C1D4D22CF363100B3760D /* B1001.cpp in Sources */,
				DF6C1D5522CF528500B3760D /* c5901.cpp in Sources */,
				DF70B1D522ED941100C7B22D /* B1009.cpp in Sources */,
				DF37255122A2C44E004A1536 /* LinkList.cpp in Sources */,
				DF6C1D5322CF467700B3760D /* B1036.cpp in Sources */,
				DFAAC5B022B0E8DA00DF0EF0 /* QuickSort.cpp in Sources */,
				DF43902822EE7F6900AF8F9B /* A1025.cpp in Sources */,
				DF43902A22EF140000AF8F9B /* B1020.cpp in Sources */,
			);
			runOnlyForDeploymentPostprocessing = 0;
		};
/* End PBXSourcesBuildPhase section */

/* Begin XCBuildConfiguration section */
		DF5E99AE22A2AD6D00954903 /* Debug */ = {
			isa = XCBuildConfiguration;
			buildSettings = {
				ALWAYS_SEARCH_USER_PATHS = NO;
				CLANG_ANALYZER_NONNULL = YES;
				CLANG_ANALYZER_NUMBER_OBJECT_CONVERSION = YES_AGGRESSIVE;
				CLANG_CXX_LANGUAGE_STANDARD = "gnu++14";
				CLANG_CXX_LIBRARY = "libc++";
				CLANG_ENABLE_MODULES = YES;
				CLANG_ENABLE_OBJC_ARC = YES;
				CLANG_ENABLE_OBJC_WEAK = YES;
				CLANG_WARN_BLOCK_CAPTURE_AUTORELEASING = YES;
				CLANG_WARN_BOOL_CONVERSION = YES;
				CLANG_WARN_COMMA = YES;
				CLANG_WARN_CONSTANT_CONVERSION = YES;
				CLANG_WARN_DEPRECATED_OBJC_IMPLEMENTATIONS = YES;
				CLANG_WARN_DIRECT_OBJC_ISA_USAGE = YES_ERROR;
				CLANG_WARN_DOCUMENTATION_COMMENTS = YES;
				CLANG_WARN_EMPTY_BODY = YES;
				CLANG_WARN_ENUM_CONVERSION = YES;
				CLANG_WARN_INFINITE_RECURSION = YES;
				CLANG_WARN_INT_CONVERSION = YES;
				CLANG_WARN_NON_LITERAL_NULL_CONVERSION = YES;
				CLANG_WARN_OBJC_IMPLICIT_RETAIN_SELF = YES;
				CLANG_WARN_OBJC_LITERAL_CONVERSION = YES;
				CLANG_WARN_OBJC_ROOT_CLASS = YES_ERROR;
				CLANG_WARN_RANGE_LOOP_ANALYSIS = YES;
				CLANG_WARN_STRICT_PROTOTYPES = YES;
				CLANG_WARN_SUSPICIOUS_MOVE = YES;
				CLANG_WARN_UNGUARDED_AVAILABILITY = YES_AGGRESSIVE;
				CLANG_WARN_UNREACHABLE_CODE = YES;
				CLANG_WARN__DUPLICATE_METHOD_MATCH = YES;
				CODE_SIGN_IDENTITY = "-";
				COPY_PHASE_STRIP = NO;
				DEBUG_INFORMATION_FORMAT = dwarf;
				ENABLE_STRICT_OBJC_MSGSEND = YES;
				ENABLE_TESTABILITY = YES;
				GCC_C_LANGUAGE_STANDARD = gnu11;
				GCC_DYNAMIC_NO_PIC = NO;
				GCC_NO_COMMON_BLOCKS = YES;
				GCC_OPTIMIZATION_LEVEL = 0;
				GCC_PREPROCESSOR_DEFINITIONS = (
					"DEBUG=1",
					"$(inherited)",
				);
				GCC_WARN_64_TO_32_BIT_CONVERSION = YES;
				GCC_WARN_ABOUT_RETURN_TYPE = YES_ERROR;
				GCC_WARN_UNDECLARED_SELECTOR = YES;
				GCC_WARN_UNINITIALIZED_AUTOS = YES_AGGRESSIVE;
				GCC_WARN_UNUSED_FUNCTION = YES;
				GCC_WARN_UNUSED_VARIABLE = YES;
				MACOSX_DEPLOYMENT_TARGET = 10.14;
				MTL_ENABLE_DEBUG_INFO = INCLUDE_SOURCE;
				MTL_FAST_MATH = YES;
				ONLY_ACTIVE_ARCH = YES;
				SDKROOT = macosx;
			};
			name = Debug;
		};
		DF5E99AF22A2AD6D00954903 /* Release */ = {
			isa = XCBuildConfiguration;
			buildSettings = {
				ALWAYS_SEARCH_USER_PATHS = NO;
				CLANG_ANALYZER_NONNULL = YES;
				CLANG_ANALYZER_NUMBER_OBJECT_CONVERSION = YES_AGGRESSIVE;
				CLANG_CXX_LANGUAGE_STANDARD = "gnu++14";
				CLANG_CXX_LIBRARY = "libc++";
				CLANG_ENABLE_MODULES = YES;
				CLANG_ENABLE_OBJC_ARC = YES;
				CLANG_ENABLE_OBJC_WEAK = YES;
				CLANG_WARN_BLOCK_CAPTURE_AUTORELEASING = YES;
				CLANG_WARN_BOOL_CONVERSION = YES;
				CLANG_WARN_COMMA = YES;
				CLANG_WARN_CONSTANT_CONVERSION = YES;
				CLANG_WARN_DEPRECATED_OBJC_IMPLEMENTATIONS = YES;
				CLANG_WARN_DIRECT_OBJC_ISA_USAGE = YES_ERROR;
				CLANG_WARN_DOCUMENTATION_COMMENTS = YES;
				CLANG_WARN_EMPTY_BODY = YES;
				CLANG_WARN_ENUM_CONVERSION = YES;
				CLANG_WARN_INFINITE_RECURSION = YES;
				CLANG_WARN_INT_CONVERSION = YES;
				CLANG_WARN_NON_LITERAL_NULL_CONVERSION = YES;
				CLANG_WARN_OBJC_IMPLICIT_RETAIN_SELF = YES;
				CLANG_WARN_OBJC_LITERAL_CONVERSION = YES;
				CLANG_WARN_OBJC_ROOT_CLASS = YES_ERROR;
				CLANG_WARN_RANGE_LOOP_ANALYSIS = YES;
				CLANG_WARN_STRICT_PROTOTYPES = YES;
				CLANG_WARN_SUSPICIOUS_MOVE = YES;
				CLANG_WARN_UNGUARDED_AVAILABILITY = YES_AGGRESSIVE;
				CLANG_WARN_UNREACHABLE_CODE = YES;
				CLANG_WARN__DUPLICATE_METHOD_MATCH = YES;
				CODE_SIGN_IDENTITY = "-";
				COPY_PHASE_STRIP = NO;
				DEBUG_INFORMATION_FORMAT = "dwarf-with-dsym";
				ENABLE_NS_ASSERTIONS = NO;
				ENABLE_STRICT_OBJC_MSGSEND = YES;
				GCC_C_LANGUAGE_STANDARD = gnu11;
				GCC_NO_COMMON_BLOCKS = YES;
				GCC_WARN_64_TO_32_BIT_CONVERSION = YES;
				GCC_WARN_ABOUT_RETURN_TYPE = YES_ERROR;
				GCC_WARN_UNDECLARED_SELECTOR = YES;
				GCC_WARN_UNINITIALIZED_AUTOS = YES_AGGRESSIVE;
				GCC_WARN_UNUSED_FUNCTION = YES;
				GCC_WARN_UNUSED_VARIABLE = YES;
				MACOSX_DEPLOYMENT_TARGET = 10.14;
				MTL_ENABLE_DEBUG_INFO = NO;
				MTL_FAST_MATH = YES;
				SDKROOT = macosx;
			};
			name = Release;
		};
		DF5E99B122A2AD6D00954903 /* Debug */ = {
			isa = XCBuildConfiguration;
			buildSettings = {
				CLANG_CXX_LANGUAGE_STANDARD = "gnu++14";
				CODE_SIGN_STYLE = Automatic;
				PRODUCT_NAME = "$(TARGET_NAME)";
			};
			name = Debug;
		};
		DF5E99B222A2AD6D00954903 /* Release */ = {
			isa = XCBuildConfiguration;
			buildSettings = {
				CLANG_CXX_LANGUAGE_STANDARD = "gnu++14";
				CODE_SIGN_STYLE = Automatic;
				PRODUCT_NAME = "$(TARGET_NAME)";
			};
			name = Release;
		};
/* End XCBuildConfiguration section */

/* Begin XCConfigurationList section */
		DF5E99A422A2AD6D00954903 /* Build configuration list for PBXProject "DataStructure" */ = {
			isa = XCConfigurationList;
			buildConfigurations = (
				DF5E99AE22A2AD6D00954903 /* Debug */,
				DF5E99AF22A2AD6D00954903 /* Release */,
			);
			defaultConfigurationIsVisible = 0;
			defaultConfigurationName = Release;
		};
		DF5E99B022A2AD6D00954903 /* Build configuration list for PBXNativeTarget "DataStructure" */ = {
			isa = XCConfigurationList;
			buildConfigurations = (
				DF5E99B122A2AD6D00954903 /* Debug */,
				DF5E99B222A2AD6D00954903 /* Release */,
			);
			defaultConfigurationIsVisible = 0;
			defaultConfigurationName = Release;
		};
/* End XCConfigurationList section */
	};
	rootObject = DF5E99A122A2AD6D00954903 /* Project object */;
}
