// !$*UTF8*$!
{
	archiveVersion = 1;
	classes = {
	};
	objectVersion = 50;
	objects = {

/* Begin PBXBuildFile section */
		DF188E3722FEE86000E89EC2 /* A1034.cpp in Sources */ = {isa = PBXBuildFile; fileRef = DF188E3622FEE86000E89EC2 /* A1034.cpp */; };
		DF18FBE523B2298B0040940A /* A1001.cpp in Sources */ = {isa = PBXBuildFile; fileRef = DF18FBE423B2298B0040940A /* A1001.cpp */; };
		DF18FBE723B22EDE0040940A /* A1002.cpp in Sources */ = {isa = PBXBuildFile; fileRef = DF18FBE623B22EDE0040940A /* A1002.cpp */; };
		DF18FBE923B2398B0040940A /* A1004.cpp in Sources */ = {isa = PBXBuildFile; fileRef = DF18FBE823B2398B0040940A /* A1004.cpp */; };
		DF1B51932325E0DF005A4744 /* 7-3.cpp in Sources */ = {isa = PBXBuildFile; fileRef = DF1B51922325E0DF005A4744 /* 7-3.cpp */; };
		DF1CF85D22F45DDB0058FA16 /* A1032.cpp in Sources */ = {isa = PBXBuildFile; fileRef = DF1CF85C22F45DDB0058FA16 /* A1032.cpp */; };
		DF37255122A2C44E004A1536 /* LinkList.cpp in Sources */ = {isa = PBXBuildFile; fileRef = DF37254F22A2C44E004A1536 /* LinkList.cpp */; };
		DF3BC45F23BA13B900F70ED8 /* A1023.cpp in Sources */ = {isa = PBXBuildFile; fileRef = DF3BC45E23BA13B900F70ED8 /* A1023.cpp */; };
		DF3BC46123BA1AFB00F70ED8 /* A1024.cpp in Sources */ = {isa = PBXBuildFile; fileRef = DF3BC46023BA1AFB00F70ED8 /* A1024.cpp */; };
		DF3BC46323BA2CBB00F70ED8 /* A1026.cpp in Sources */ = {isa = PBXBuildFile; fileRef = DF3BC46223BA2CBB00F70ED8 /* A1026.cpp */; };
		DF3BC46523BA453200F70ED8 /* A1027.cpp in Sources */ = {isa = PBXBuildFile; fileRef = DF3BC46423BA453200F70ED8 /* A1027.cpp */; };
		DF43902822EE7F6900AF8F9B /* A1025.cpp in Sources */ = {isa = PBXBuildFile; fileRef = DF43902722EE7F6900AF8F9B /* A1025.cpp */; };
		DF43902A22EF140000AF8F9B /* B1020.cpp in Sources */ = {isa = PBXBuildFile; fileRef = DF43902922EF140000AF8F9B /* B1020.cpp */; };
		DF43902C22EF20A900AF8F9B /* B1023.cpp in Sources */ = {isa = PBXBuildFile; fileRef = DF43902B22EF20A900AF8F9B /* B1023.cpp */; };
		DF45D40123B76F57004D3FAC /* A1014.cpp in Sources */ = {isa = PBXBuildFile; fileRef = DF45D40023B76F57004D3FAC /* A1014.cpp */; };
		DF45D40323B7888E004D3FAC /* A1015.cpp in Sources */ = {isa = PBXBuildFile; fileRef = DF45D40223B7888E004D3FAC /* A1015.cpp */; };
		DF45D40523B797CB004D3FAC /* A1016.cpp in Sources */ = {isa = PBXBuildFile; fileRef = DF45D40423B797CB004D3FAC /* A1016.cpp */; };
		DF4B724522F6E3B900645E34 /* Tree.cpp in Sources */ = {isa = PBXBuildFile; fileRef = DF4B724422F6E3B900645E34 /* Tree.cpp */; };
		DF4D870822FB1D7100EBBED3 /* disjoint set.cpp in Sources */ = {isa = PBXBuildFile; fileRef = DF4D870722FB1D7100EBBED3 /* disjoint set.cpp */; };
		DF5E99AD22A2AD6D00954903 /* main.cpp in Sources */ = {isa = PBXBuildFile; fileRef = DF5E99AC22A2AD6D00954903 /* main.cpp */; };
		DF6C1D4D22CF363100B3760D /* B1001.cpp in Sources */ = {isa = PBXBuildFile; fileRef = DF6C1D4B22CF363100B3760D /* B1001.cpp */; };
		DF6C1D4F22CF3A8200B3760D /* B1032.cpp in Sources */ = {isa = PBXBuildFile; fileRef = DF6C1D4E22CF3A8200B3760D /* B1032.cpp */; };
		DF6C1D5122CF3F5A00B3760D /* c1934.cpp in Sources */ = {isa = PBXBuildFile; fileRef = DF6C1D5022CF3F5A00B3760D /* c1934.cpp */; };
		DF6C1D5322CF467700B3760D /* B1036.cpp in Sources */ = {isa = PBXBuildFile; fileRef = DF6C1D5222CF467700B3760D /* B1036.cpp */; };
		DF6C1D5522CF528500B3760D /* c5901.cpp in Sources */ = {isa = PBXBuildFile; fileRef = DF6C1D5422CF528500B3760D /* c5901.cpp */; };
		DF6C5F0222F47AEF00EE656F /* A1052.cpp in Sources */ = {isa = PBXBuildFile; fileRef = DF6C5F0122F47AEF00EE656F /* A1052.cpp */; };
		DF6D3A5423B8BF0D00A7E481 /* A1017.cpp in Sources */ = {isa = PBXBuildFile; fileRef = DF6D3A5323B8BF0D00A7E481 /* A1017.cpp */; };
		DF6D3A5623B8D90C00A7E481 /* A1019.cpp in Sources */ = {isa = PBXBuildFile; fileRef = DF6D3A5523B8D90C00A7E481 /* A1019.cpp */; };
		DF6D3A5823B8E57C00A7E481 /* A1022.cpp in Sources */ = {isa = PBXBuildFile; fileRef = DF6D3A5723B8E57C00A7E481 /* A1022.cpp */; };
		DF70B1D522ED941100C7B22D /* B1009.cpp in Sources */ = {isa = PBXBuildFile; fileRef = DF70B1D422ED941100C7B22D /* B1009.cpp */; };
		DF70B1D722ED9ADE00C7B22D /* sort.cpp in Sources */ = {isa = PBXBuildFile; fileRef = DF70B1D622ED9ADE00C7B22D /* sort.cpp */; };
		DF70B1D922EDA68400C7B22D /* stl.cpp in Sources */ = {isa = PBXBuildFile; fileRef = DF70B1D822EDA68400C7B22D /* stl.cpp */; };
		DF70B1DB22EDC75B00C7B22D /* B1022.cpp in Sources */ = {isa = PBXBuildFile; fileRef = DF70B1DA22EDC75B00C7B22D /* B1022.cpp */; };
		DF71503D23BCB8E100F49D25 /* A1037.cpp in Sources */ = {isa = PBXBuildFile; fileRef = DF71503C23BCB8E100F49D25 /* A1037.cpp */; };
		DF71503F23BCBE0400F49D25 /* A1038.cpp in Sources */ = {isa = PBXBuildFile; fileRef = DF71503E23BCBE0400F49D25 /* A1038.cpp */; };
		DF71504123BCCEDD00F49D25 /* A1039.cpp in Sources */ = {isa = PBXBuildFile; fileRef = DF71504023BCCEDD00F49D25 /* A1039.cpp */; };
		DF71504323BCDC3000F49D25 /* A1041.cpp in Sources */ = {isa = PBXBuildFile; fileRef = DF71504223BCDC3000F49D25 /* A1041.cpp */; };
		DF71504523BCDF6600F49D25 /* A1042.cpp in Sources */ = {isa = PBXBuildFile; fileRef = DF71504423BCDF6600F49D25 /* A1042.cpp */; };
		DF71920123B4CB7700D5237E /* A1010.cpp in Sources */ = {isa = PBXBuildFile; fileRef = DF71920023B4CB7700D5237E /* A1010.cpp */; };
		DF71920323B4D6DE00D5237E /* A1011.cpp in Sources */ = {isa = PBXBuildFile; fileRef = DF71920223B4D6DE00D5237E /* A1011.cpp */; };
		DF71920523B4DA3F00D5237E /* A1012.cpp in Sources */ = {isa = PBXBuildFile; fileRef = DF71920423B4DA3F00D5237E /* A1012.cpp */; };
		DF71920723B4F06D00D5237E /* A1013.cpp in Sources */ = {isa = PBXBuildFile; fileRef = DF71920623B4F06D00D5237E /* A1013.cpp */; };
		DF7560FC23B37B0800E15222 /* A1005.cpp in Sources */ = {isa = PBXBuildFile; fileRef = DF7560FB23B37B0800E15222 /* A1005.cpp */; };
		DF75610023B37F4B00E15222 /* A1006.cpp in Sources */ = {isa = PBXBuildFile; fileRef = DF7560FF23B37F4B00E15222 /* A1006.cpp */; };
		DF75610223B3954B00E15222 /* A1007.cpp in Sources */ = {isa = PBXBuildFile; fileRef = DF75610123B3954B00E15222 /* A1007.cpp */; };
		DF75610423B39CEA00E15222 /* A1008.cpp in Sources */ = {isa = PBXBuildFile; fileRef = DF75610323B39CEA00E15222 /* A1008.cpp */; };
		DF75610623B3A01300E15222 /* A1009.cpp in Sources */ = {isa = PBXBuildFile; fileRef = DF75610523B3A01300E15222 /* A1009.cpp */; };
		DF7E224422EFF53D00D62E04 /* c1928.cpp in Sources */ = {isa = PBXBuildFile; fileRef = DF7E224322EFF53D00D62E04 /* c1928.cpp */; };
		DF7E224622F03DAA00D62E04 /* fraction.cpp in Sources */ = {isa = PBXBuildFile; fileRef = DF7E224522F03DAA00D62E04 /* fraction.cpp */; };
		DF7E224822F05D3D00D62E04 /* B1013A1059.cpp in Sources */ = {isa = PBXBuildFile; fileRef = DF7E224722F05D3D00D62E04 /* B1013A1059.cpp */; };
		DF7E224A22F1832C00D62E04 /* caculator.cpp in Sources */ = {isa = PBXBuildFile; fileRef = DF7E224922F1832C00D62E04 /* caculator.cpp */; };
		DF7E93BF22FAF49300C46ED8 /* A1043.cpp in Sources */ = {isa = PBXBuildFile; fileRef = DF7E93BE22FAF49300C46ED8 /* A1043.cpp */; };
		DF81B41323BE05DC006CE360 /* A1047.cpp in Sources */ = {isa = PBXBuildFile; fileRef = DF81B41223BE05DC006CE360 /* A1047.cpp */; };
		DF81B41523BE0A78006CE360 /* A1048.cpp in Sources */ = {isa = PBXBuildFile; fileRef = DF81B41423BE0A78006CE360 /* A1048.cpp */; };
		DF81B41723BE1655006CE360 /* A1050.cpp in Sources */ = {isa = PBXBuildFile; fileRef = DF81B41623BE1655006CE360 /* A1050.cpp */; };
		DF86D29922FAC13E00797FE6 /* A1053.cpp in Sources */ = {isa = PBXBuildFile; fileRef = DF86D29822FAC13E00797FE6 /* A1053.cpp */; };
		DF8BB9CB22A2B1990019739A /* SeqList.cpp in Sources */ = {isa = PBXBuildFile; fileRef = DF8BB9C922A2B1990019739A /* SeqList.cpp */; };
		DF93023C230C0D0D0089EBB9 /* SPFA.cpp in Sources */ = {isa = PBXBuildFile; fileRef = DF93023B230C0D0D0089EBB9 /* SPFA.cpp */; };
		DF93023E230C19D00089EBB9 /* floyd.cpp in Sources */ = {isa = PBXBuildFile; fileRef = DF93023D230C19D00089EBB9 /* floyd.cpp */; };
		DF930240230C25670089EBB9 /* prim.cpp in Sources */ = {isa = PBXBuildFile; fileRef = DF93023F230C25670089EBB9 /* prim.cpp */; };
		DF9C90F222F672B20017F269 /* BFS.cpp in Sources */ = {isa = PBXBuildFile; fileRef = DF9C90F122F672B20017F269 /* BFS.cpp */; };
		DFA057C522FC0D9500B84ECD /* huffman tree.cpp in Sources */ = {isa = PBXBuildFile; fileRef = DFA057C422FC0D9500B84ECD /* huffman tree.cpp */; };
		DFA057C722FC574A00B84ECD /* graph.cpp in Sources */ = {isa = PBXBuildFile; fileRef = DFA057C622FC574A00B84ECD /* graph.cpp */; };
		DFA1DB1623BF5E5B009B5209 /* A1051.cpp in Sources */ = {isa = PBXBuildFile; fileRef = DFA1DB1523BF5E5B009B5209 /* A1051.cpp */; };
		DFA1DB1823BF683E009B5209 /* A1054.cpp in Sources */ = {isa = PBXBuildFile; fileRef = DFA1DB1723BF683E009B5209 /* A1054.cpp */; };
		DFA1DB1A23BF6B64009B5209 /* A1061.cpp in Sources */ = {isa = PBXBuildFile; fileRef = DFA1DB1923BF6B64009B5209 /* A1061.cpp */; };
		DFA7B16623BB52FF00922F63 /* A1029.cpp in Sources */ = {isa = PBXBuildFile; fileRef = DFA7B16523BB52FF00922F63 /* A1029.cpp */; };
		DFA7B16823BB5B0C00922F63 /* A1031.cpp in Sources */ = {isa = PBXBuildFile; fileRef = DFA7B16723BB5B0C00922F63 /* A1031.cpp */; };
		DFA7B16A23BB61AE00922F63 /* A1036.cpp in Sources */ = {isa = PBXBuildFile; fileRef = DFA7B16923BB61AE00922F63 /* A1036.cpp */; };
		DFAAC5B022B0E8DA00DF0EF0 /* QuickSort.cpp in Sources */ = {isa = PBXBuildFile; fileRef = DFAAC5AE22B0E8DA00DF0EF0 /* QuickSort.cpp */; };
		DFB8AD0923BB3C5E00B8FBB1 /* A1035.cpp in Sources */ = {isa = PBXBuildFile; fileRef = DFB8AD0723BB3C5E00B8FBB1 /* A1035.cpp */; };
		DFB8AD0B23BB42BF00B8FBB1 /* A1028.cpp in Sources */ = {isa = PBXBuildFile; fileRef = DFB8AD0A23BB42BF00B8FBB1 /* A1028.cpp */; };
		DFC2191A22F5CB5800637DC4 /* DFS.cpp in Sources */ = {isa = PBXBuildFile; fileRef = DFC2191922F5CB5800637DC4 /* DFS.cpp */; };
		DFD7445522EF2FDE00D6C685 /* B1040A1093.cpp in Sources */ = {isa = PBXBuildFile; fileRef = DFD7445422EF2FDE00D6C685 /* B1040A1093.cpp */; };
		DFD7445722EF3EAD00D6C685 /* B1019A1069.cpp in Sources */ = {isa = PBXBuildFile; fileRef = DFD7445622EF3EAD00D6C685 /* B1019A1069.cpp */; };
		DFDC37BF22FBC43D00642902 /* AVL.cpp in Sources */ = {isa = PBXBuildFile; fileRef = DFDC37BE22FBC43D00642902 /* AVL.cpp */; };
		DFDEB32C2302EA010016C545 /* dijkstra.cpp in Sources */ = {isa = PBXBuildFile; fileRef = DFDEB32B2302EA010016C545 /* dijkstra.cpp */; };
		DFDF936022FBFDC700617FB5 /* heap.cpp in Sources */ = {isa = PBXBuildFile; fileRef = DFDF935F22FBFDC700617FB5 /* heap.cpp */; };
		DFE372EB23044A7A004D4A06 /* A1003.cpp in Sources */ = {isa = PBXBuildFile; fileRef = DFE372EA23044A7A004D4A06 /* A1003.cpp */; };
		DFE372ED2305836C004D4A06 /* A1030.cpp in Sources */ = {isa = PBXBuildFile; fileRef = DFE372EC2305836C004D4A06 /* A1030.cpp */; };
		DFE372EF2305A14C004D4A06 /* Bellman Ford.cpp in Sources */ = {isa = PBXBuildFile; fileRef = DFE372EE2305A14C004D4A06 /* Bellman Ford.cpp */; };
		DFF09BB123BE23CC00D9C296 /* A1040.cpp in Sources */ = {isa = PBXBuildFile; fileRef = DFF09BB023BE23CC00D9C296 /* A1040.cpp */; };
		DFFCA7482301A0B000AC9CF3 /* A1076.cpp in Sources */ = {isa = PBXBuildFile; fileRef = DFFCA7472301A0B000AC9CF3 /* A1076.cpp */; };
		DFFF017C230C3D0D000614C1 /* kruscal.cpp in Sources */ = {isa = PBXBuildFile; fileRef = DFFF017B230C3D0D000614C1 /* kruscal.cpp */; };
/* End PBXBuildFile section */

/* Begin PBXCopyFilesBuildPhase section */
		DF5E99A722A2AD6D00954903 /* CopyFiles */ = {
			isa = PBXCopyFilesBuildPhase;
			buildActionMask = 2147483647;
			dstPath = /usr/share/man/man1/;
			dstSubfolderSpec = 0;
			files = (
			);
			runOnlyForDeploymentPostprocessing = 1;
		};
/* End PBXCopyFilesBuildPhase section */

/* Begin PBXFileReference section */
		DF188E3622FEE86000E89EC2 /* A1034.cpp */ = {isa = PBXFileReference; lastKnownFileType = sourcecode.cpp.cpp; path = A1034.cpp; sourceTree = "<group>"; };
		DF18FBE423B2298B0040940A /* A1001.cpp */ = {isa = PBXFileReference; lastKnownFileType = sourcecode.cpp.cpp; path = A1001.cpp; sourceTree = "<group>"; };
		DF18FBE623B22EDE0040940A /* A1002.cpp */ = {isa = PBXFileReference; lastKnownFileType = sourcecode.cpp.cpp; path = A1002.cpp; sourceTree = "<group>"; };
		DF18FBE823B2398B0040940A /* A1004.cpp */ = {isa = PBXFileReference; lastKnownFileType = sourcecode.cpp.cpp; path = A1004.cpp; sourceTree = "<group>"; };
		DF1B51922325E0DF005A4744 /* 7-3.cpp */ = {isa = PBXFileReference; lastKnownFileType = sourcecode.cpp.cpp; path = "7-3.cpp"; sourceTree = "<group>"; };
		DF1CF85C22F45DDB0058FA16 /* A1032.cpp */ = {isa = PBXFileReference; lastKnownFileType = sourcecode.cpp.cpp; path = A1032.cpp; sourceTree = "<group>"; };
		DF37254F22A2C44E004A1536 /* LinkList.cpp */ = {isa = PBXFileReference; lastKnownFileType = sourcecode.cpp.cpp; path = LinkList.cpp; sourceTree = "<group>"; };
		DF37255022A2C44E004A1536 /* LinkList.hpp */ = {isa = PBXFileReference; lastKnownFileType = sourcecode.cpp.h; path = LinkList.hpp; sourceTree = "<group>"; };
		DF3BC45E23BA13B900F70ED8 /* A1023.cpp */ = {isa = PBXFileReference; lastKnownFileType = sourcecode.cpp.cpp; path = A1023.cpp; sourceTree = "<group>"; };
		DF3BC46023BA1AFB00F70ED8 /* A1024.cpp */ = {isa = PBXFileReference; lastKnownFileType = sourcecode.cpp.cpp; path = A1024.cpp; sourceTree = "<group>"; };
		DF3BC46223BA2CBB00F70ED8 /* A1026.cpp */ = {isa = PBXFileReference; lastKnownFileType = sourcecode.cpp.cpp; path = A1026.cpp; sourceTree = "<group>"; };
		DF3BC46423BA453200F70ED8 /* A1027.cpp */ = {isa = PBXFileReference; lastKnownFileType = sourcecode.cpp.cpp; path = A1027.cpp; sourceTree = "<group>"; };
		DF43902722EE7F6900AF8F9B /* A1025.cpp */ = {isa = PBXFileReference; lastKnownFileType = sourcecode.cpp.cpp; path = A1025.cpp; sourceTree = "<group>"; };
		DF43902922EF140000AF8F9B /* B1020.cpp */ = {isa = PBXFileReference; lastKnownFileType = sourcecode.cpp.cpp; path = B1020.cpp; sourceTree = "<group>"; };
		DF43902B22EF20A900AF8F9B /* B1023.cpp */ = {isa = PBXFileReference; lastKnownFileType = sourcecode.cpp.cpp; path = B1023.cpp; sourceTree = "<group>"; };
		DF45D40023B76F57004D3FAC /* A1014.cpp */ = {isa = PBXFileReference; lastKnownFileType = sourcecode.cpp.cpp; path = A1014.cpp; sourceTree = "<group>"; };
		DF45D40223B7888E004D3FAC /* A1015.cpp */ = {isa = PBXFileReference; lastKnownFileType = sourcecode.cpp.cpp; path = A1015.cpp; sourceTree = "<group>"; };
		DF45D40423B797CB004D3FAC /* A1016.cpp */ = {isa = PBXFileReference; lastKnownFileType = sourcecode.cpp.cpp; path = A1016.cpp; sourceTree = "<group>"; };
		DF4B724422F6E3B900645E34 /* Tree.cpp */ = {isa = PBXFileReference; lastKnownFileType = sourcecode.cpp.cpp; path = Tree.cpp; sourceTree = "<group>"; };
		DF4D870722FB1D7100EBBED3 /* disjoint set.cpp */ = {isa = PBXFileReference; lastKnownFileType = sourcecode.cpp.cpp; path = "disjoint set.cpp"; sourceTree = "<group>"; };
		DF5E99A922A2AD6D00954903 /* DataStructure */ = {isa = PBXFileReference; explicitFileType = "compiled.mach-o.executable"; includeInIndex = 0; path = DataStructure; sourceTree = BUILT_PRODUCTS_DIR; };
		DF5E99AC22A2AD6D00954903 /* main.cpp */ = {isa = PBXFileReference; lastKnownFileType = sourcecode.cpp.cpp; path = main.cpp; sourceTree = "<group>"; };
		DF6C1D4B22CF363100B3760D /* B1001.cpp */ = {isa = PBXFileReference; lastKnownFileType = sourcecode.cpp.cpp; path = B1001.cpp; sourceTree = "<group>"; };
		DF6C1D4E22CF3A8200B3760D /* B1032.cpp */ = {isa = PBXFileReference; lastKnownFileType = sourcecode.cpp.cpp; path = B1032.cpp; sourceTree = "<group>"; };
		DF6C1D5022CF3F5A00B3760D /* c1934.cpp */ = {isa = PBXFileReference; lastKnownFileType = sourcecode.cpp.cpp; path = c1934.cpp; sourceTree = "<group>"; };
		DF6C1D5222CF467700B3760D /* B1036.cpp */ = {isa = PBXFileReference; lastKnownFileType = sourcecode.cpp.cpp; path = B1036.cpp; sourceTree = "<group>"; };
		DF6C1D5422CF528500B3760D /* c5901.cpp */ = {isa = PBXFileReference; lastKnownFileType = sourcecode.cpp.cpp; path = c5901.cpp; sourceTree = "<group>"; };
		DF6C5F0122F47AEF00EE656F /* A1052.cpp */ = {isa = PBXFileReference; lastKnownFileType = sourcecode.cpp.cpp; path = A1052.cpp; sourceTree = "<group>"; };
		DF6D3A5323B8BF0D00A7E481 /* A1017.cpp */ = {isa = PBXFileReference; lastKnownFileType = sourcecode.cpp.cpp; path = A1017.cpp; sourceTree = "<group>"; };
		DF6D3A5523B8D90C00A7E481 /* A1019.cpp */ = {isa = PBXFileReference; lastKnownFileType = sourcecode.cpp.cpp; path = A1019.cpp; sourceTree = "<group>"; };
		DF6D3A5723B8E57C00A7E481 /* A1022.cpp */ = {isa = PBXFileReference; lastKnownFileType = sourcecode.cpp.cpp; path = A1022.cpp; sourceTree = "<group>"; };
		DF70B1D422ED941100C7B22D /* B1009.cpp */ = {isa = PBXFileReference; lastKnownFileType = sourcecode.cpp.cpp; path = B1009.cpp; sourceTree = "<group>"; };
		DF70B1D622ED9ADE00C7B22D /* sort.cpp */ = {isa = PBXFileReference; lastKnownFileType = sourcecode.cpp.cpp; path = sort.cpp; sourceTree = "<group>"; };
		DF70B1D822EDA68400C7B22D /* stl.cpp */ = {isa = PBXFileReference; lastKnownFileType = sourcecode.cpp.cpp; path = stl.cpp; sourceTree = "<group>"; };
		DF70B1DA22EDC75B00C7B22D /* B1022.cpp */ = {isa = PBXFileReference; lastKnownFileType = sourcecode.cpp.cpp; path = B1022.cpp; sourceTree = "<group>"; };
		DF71503C23BCB8E100F49D25 /* A1037.cpp */ = {isa = PBXFileReference; lastKnownFileType = sourcecode.cpp.cpp; path = A1037.cpp; sourceTree = "<group>"; };
		DF71503E23BCBE0400F49D25 /* A1038.cpp */ = {isa = PBXFileReference; lastKnownFileType = sourcecode.cpp.cpp; path = A1038.cpp; sourceTree = "<group>"; };
		DF71504023BCCEDD00F49D25 /* A1039.cpp */ = {isa = PBXFileReference; lastKnownFileType = sourcecode.cpp.cpp; path = A1039.cpp; sourceTree = "<group>"; };
		DF71504223BCDC3000F49D25 /* A1041.cpp */ = {isa = PBXFileReference; lastKnownFileType = sourcecode.cpp.cpp; path = A1041.cpp; sourceTree = "<group>"; };
		DF71504423BCDF6600F49D25 /* A1042.cpp */ = {isa = PBXFileReference; lastKnownFileType = sourcecode.cpp.cpp; path = A1042.cpp; sourceTree = "<group>"; };
		DF71920023B4CB7700D5237E /* A1010.cpp */ = {isa = PBXFileReference; lastKnownFileType = sourcecode.cpp.cpp; path = A1010.cpp; sourceTree = "<group>"; };
		DF71920223B4D6DE00D5237E /* A1011.cpp */ = {isa = PBXFileReference; lastKnownFileType = sourcecode.cpp.cpp; path = A1011.cpp; sourceTree = "<group>"; };
		DF71920423B4DA3F00D5237E /* A1012.cpp */ = {isa = PBXFileReference; lastKnownFileType = sourcecode.cpp.cpp; path = A1012.cpp; sourceTree = "<group>"; };
		DF71920623B4F06D00D5237E /* A1013.cpp */ = {isa = PBXFileReference; lastKnownFileType = sourcecode.cpp.cpp; path = A1013.cpp; sourceTree = "<group>"; };
		DF7560FB23B37B0800E15222 /* A1005.cpp */ = {isa = PBXFileReference; lastKnownFileType = sourcecode.cpp.cpp; path = A1005.cpp; sourceTree = "<group>"; };
		DF7560FF23B37F4B00E15222 /* A1006.cpp */ = {isa = PBXFileReference; lastKnownFileType = sourcecode.cpp.cpp; path = A1006.cpp; sourceTree = "<group>"; };
		DF75610123B3954B00E15222 /* A1007.cpp */ = {isa = PBXFileReference; lastKnownFileType = sourcecode.cpp.cpp; path = A1007.cpp; sourceTree = "<group>"; };
		DF75610323B39CEA00E15222 /* A1008.cpp */ = {isa = PBXFileReference; lastKnownFileType = sourcecode.cpp.cpp; path = A1008.cpp; sourceTree = "<group>"; };
		DF75610523B3A01300E15222 /* A1009.cpp */ = {isa = PBXFileReference; lastKnownFileType = sourcecode.cpp.cpp; path = A1009.cpp; sourceTree = "<group>"; };
		DF7E224322EFF53D00D62E04 /* c1928.cpp */ = {isa = PBXFileReference; lastKnownFileType = sourcecode.cpp.cpp; path = c1928.cpp; sourceTree = "<group>"; };
		DF7E224522F03DAA00D62E04 /* fraction.cpp */ = {isa = PBXFileReference; lastKnownFileType = sourcecode.cpp.cpp; path = fraction.cpp; sourceTree = "<group>"; };
		DF7E224722F05D3D00D62E04 /* B1013A1059.cpp */ = {isa = PBXFileReference; lastKnownFileType = sourcecode.cpp.cpp; path = B1013A1059.cpp; sourceTree = "<group>"; };
		DF7E224922F1832C00D62E04 /* caculator.cpp */ = {isa = PBXFileReference; lastKnownFileType = sourcecode.cpp.cpp; path = caculator.cpp; sourceTree = "<group>"; };
		DF7E93BE22FAF49300C46ED8 /* A1043.cpp */ = {isa = PBXFileReference; lastKnownFileType = sourcecode.cpp.cpp; path = A1043.cpp; sourceTree = "<group>"; };
		DF81B41223BE05DC006CE360 /* A1047.cpp */ = {isa = PBXFileReference; lastKnownFileType = sourcecode.cpp.cpp; path = A1047.cpp; sourceTree = "<group>"; };
		DF81B41423BE0A78006CE360 /* A1048.cpp */ = {isa = PBXFileReference; lastKnownFileType = sourcecode.cpp.cpp; path = A1048.cpp; sourceTree = "<group>"; };
		DF81B41623BE1655006CE360 /* A1050.cpp */ = {isa = PBXFileReference; lastKnownFileType = sourcecode.cpp.cpp; path = A1050.cpp; sourceTree = "<group>"; };
		DF86D29822FAC13E00797FE6 /* A1053.cpp */ = {isa = PBXFileReference; lastKnownFileType = sourcecode.cpp.cpp; path = A1053.cpp; sourceTree = "<group>"; };
		DF8BB9C922A2B1990019739A /* SeqList.cpp */ = {isa = PBXFileReference; lastKnownFileType = sourcecode.cpp.cpp; path = SeqList.cpp; sourceTree = "<group>"; };
		DF8BB9CA22A2B1990019739A /* SeqList.hpp */ = {isa = PBXFileReference; lastKnownFileType = sourcecode.cpp.h; path = SeqList.hpp; sourceTree = "<group>"; };
		DF93023B230C0D0D0089EBB9 /* SPFA.cpp */ = {isa = PBXFileReference; lastKnownFileType = sourcecode.cpp.cpp; path = SPFA.cpp; sourceTree = "<group>"; };
		DF93023D230C19D00089EBB9 /* floyd.cpp */ = {isa = PBXFileReference; lastKnownFileType = sourcecode.cpp.cpp; path = floyd.cpp; sourceTree = "<group>"; };
		DF93023F230C25670089EBB9 /* prim.cpp */ = {isa = PBXFileReference; lastKnownFileType = sourcecode.cpp.cpp; path = prim.cpp; sourceTree = "<group>"; };
		DF9C90F122F672B20017F269 /* BFS.cpp */ = {isa = PBXFileReference; lastKnownFileType = sourcecode.cpp.cpp; path = BFS.cpp; sourceTree = "<group>"; };
		DFA057C422FC0D9500B84ECD /* huffman tree.cpp */ = {isa = PBXFileReference; lastKnownFileType = sourcecode.cpp.cpp; path = "huffman tree.cpp"; sourceTree = "<group>"; };
		DFA057C622FC574A00B84ECD /* graph.cpp */ = {isa = PBXFileReference; lastKnownFileType = sourcecode.cpp.cpp; path = graph.cpp; sourceTree = "<group>"; };
		DFA1DB1523BF5E5B009B5209 /* A1051.cpp */ = {isa = PBXFileReference; lastKnownFileType = sourcecode.cpp.cpp; path = A1051.cpp; sourceTree = "<group>"; };
		DFA1DB1723BF683E009B5209 /* A1054.cpp */ = {isa = PBXFileReference; lastKnownFileType = sourcecode.cpp.cpp; path = A1054.cpp; sourceTree = "<group>"; };
		DFA1DB1923BF6B64009B5209 /* A1061.cpp */ = {isa = PBXFileReference; lastKnownFileType = sourcecode.cpp.cpp; path = A1061.cpp; sourceTree = "<group>"; };
		DFA7B16523BB52FF00922F63 /* A1029.cpp */ = {isa = PBXFileReference; lastKnownFileType = sourcecode.cpp.cpp; path = A1029.cpp; sourceTree = "<group>"; };
		DFA7B16723BB5B0C00922F63 /* A1031.cpp */ = {isa = PBXFileReference; lastKnownFileType = sourcecode.cpp.cpp; path = A1031.cpp; sourceTree = "<group>"; };
		DFA7B16923BB61AE00922F63 /* A1036.cpp */ = {isa = PBXFileReference; lastKnownFileType = sourcecode.cpp.cpp; path = A1036.cpp; sourceTree = "<group>"; };
		DFAAC5AE22B0E8DA00DF0EF0 /* QuickSort.cpp */ = {isa = PBXFileReference; lastKnownFileType = sourcecode.cpp.cpp; path = QuickSort.cpp; sourceTree = "<group>"; };
		DFAAC5AF22B0E8DA00DF0EF0 /* QuickSort.hpp */ = {isa = PBXFileReference; lastKnownFileType = sourcecode.cpp.h; path = QuickSort.hpp; sourceTree = "<group>"; };
		DFB8AD0723BB3C5E00B8FBB1 /* A1035.cpp */ = {isa = PBXFileReference; lastKnownFileType = sourcecode.cpp.cpp; path = A1035.cpp; sourceTree = "<group>"; };
		DFB8AD0A23BB42BF00B8FBB1 /* A1028.cpp */ = {isa = PBXFileReference; lastKnownFileType = sourcecode.cpp.cpp; path = A1028.cpp; sourceTree = "<group>"; };
		DFC2191922F5CB5800637DC4 /* DFS.cpp */ = {isa = PBXFileReference; lastKnownFileType = sourcecode.cpp.cpp; path = DFS.cpp; sourceTree = "<group>"; };
		DFD7445422EF2FDE00D6C685 /* B1040A1093.cpp */ = {isa = PBXFileReference; lastKnownFileType = sourcecode.cpp.cpp; path = B1040A1093.cpp; sourceTree = "<group>"; };
		DFD7445622EF3EAD00D6C685 /* B1019A1069.cpp */ = {isa = PBXFileReference; lastKnownFileType = sourcecode.cpp.cpp; path = B1019A1069.cpp; sourceTree = "<group>"; };
		DFDC37BE22FBC43D00642902 /* AVL.cpp */ = {isa = PBXFileReference; lastKnownFileType = sourcecode.cpp.cpp; path = AVL.cpp; sourceTree = "<group>"; };
		DFDEB32B2302EA010016C545 /* dijkstra.cpp */ = {isa = PBXFileReference; lastKnownFileType = sourcecode.cpp.cpp; path = dijkstra.cpp; sourceTree = SOURCE_ROOT; };
		DFDF935F22FBFDC700617FB5 /* heap.cpp */ = {isa = PBXFileReference; lastKnownFileType = sourcecode.cpp.cpp; path = heap.cpp; sourceTree = "<group>"; };
		DFE372EA23044A7A004D4A06 /* A1003.cpp */ = {isa = PBXFileReference; lastKnownFileType = sourcecode.cpp.cpp; path = A1003.cpp; sourceTree = "<group>"; };
		DFE372EC2305836C004D4A06 /* A1030.cpp */ = {isa = PBXFileReference; lastKnownFileType = sourcecode.cpp.cpp; path = A1030.cpp; sourceTree = "<group>"; };
		DFE372EE2305A14C004D4A06 /* Bellman Ford.cpp */ = {isa = PBXFileReference; lastKnownFileType = sourcecode.cpp.cpp; path = "Bellman Ford.cpp"; sourceTree = SOURCE_ROOT; };
		DFF09BB023BE23CC00D9C296 /* A1040.cpp */ = {isa = PBXFileReference; lastKnownFileType = sourcecode.cpp.cpp; path = A1040.cpp; sourceTree = "<group>"; };
		DFFCA7472301A0B000AC9CF3 /* A1076.cpp */ = {isa = PBXFileReference; lastKnownFileType = sourcecode.cpp.cpp; path = A1076.cpp; sourceTree = "<group>"; };
		DFFF017B230C3D0D000614C1 /* kruscal.cpp */ = {isa = PBXFileReference; lastKnownFileType = sourcecode.cpp.cpp; path = kruscal.cpp; sourceTree = "<group>"; };
/* End PBXFileReference section */

/* Begin PBXFrameworksBuildPhase section */
		DF5E99A622A2AD6D00954903 /* Frameworks */ = {
			isa = PBXFrameworksBuildPhase;
			buildActionMask = 2147483647;
			files = (
			);
			runOnlyForDeploymentPostprocessing = 0;
		};
/* End PBXFrameworksBuildPhase section */

/* Begin PBXGroup section */
		DF5E99A022A2AD6D00954903 = {
			isa = PBXGroup;
			children = (
				DF5E99AB22A2AD6D00954903 /* DataStructure */,
				DF5E99AA22A2AD6D00954903 /* Products */,
			);
			sourceTree = "<group>";
		};
		DF5E99AA22A2AD6D00954903 /* Products */ = {
			isa = PBXGroup;
			children = (
				DF5E99A922A2AD6D00954903 /* DataStructure */,
			);
			name = Products;
			sourceTree = "<group>";
		};
		DF5E99AB22A2AD6D00954903 /* DataStructure */ = {
			isa = PBXGroup;
			children = (
				DF1B51922325E0DF005A4744 /* 7-3.cpp */,
				DF18FBE423B2298B0040940A /* A1001.cpp */,
				DF18FBE623B22EDE0040940A /* A1002.cpp */,
				DFE372EA23044A7A004D4A06 /* A1003.cpp */,
				DF18FBE823B2398B0040940A /* A1004.cpp */,
				DF7560FB23B37B0800E15222 /* A1005.cpp */,
				DF7560FF23B37F4B00E15222 /* A1006.cpp */,
				DF75610123B3954B00E15222 /* A1007.cpp */,
				DF75610323B39CEA00E15222 /* A1008.cpp */,
				DF75610523B3A01300E15222 /* A1009.cpp */,
				DF71920023B4CB7700D5237E /* A1010.cpp */,
				DF71920223B4D6DE00D5237E /* A1011.cpp */,
				DF71920423B4DA3F00D5237E /* A1012.cpp */,
				DF71920623B4F06D00D5237E /* A1013.cpp */,
				DF45D40023B76F57004D3FAC /* A1014.cpp */,
				DF45D40223B7888E004D3FAC /* A1015.cpp */,
				DF45D40423B797CB004D3FAC /* A1016.cpp */,
				DF6D3A5323B8BF0D00A7E481 /* A1017.cpp */,
				DF6D3A5523B8D90C00A7E481 /* A1019.cpp */,
				DF6D3A5723B8E57C00A7E481 /* A1022.cpp */,
				DF3BC45E23BA13B900F70ED8 /* A1023.cpp */,
				DF3BC46023BA1AFB00F70ED8 /* A1024.cpp */,
				DF43902722EE7F6900AF8F9B /* A1025.cpp */,
				DF3BC46223BA2CBB00F70ED8 /* A1026.cpp */,
				DF3BC46423BA453200F70ED8 /* A1027.cpp */,
				DFB8AD0A23BB42BF00B8FBB1 /* A1028.cpp */,
				DFA7B16523BB52FF00922F63 /* A1029.cpp */,
				DFE372EC2305836C004D4A06 /* A1030.cpp */,
				DFA7B16723BB5B0C00922F63 /* A1031.cpp */,
				DF1CF85C22F45DDB0058FA16 /* A1032.cpp */,
				DF188E3622FEE86000E89EC2 /* A1034.cpp */,
				DFB8AD0723BB3C5E00B8FBB1 /* A1035.cpp */,
				DFA7B16923BB61AE00922F63 /* A1036.cpp */,
				DF71503C23BCB8E100F49D25 /* A1037.cpp */,
				DF71503E23BCBE0400F49D25 /* A1038.cpp */,
				DF71504023BCCEDD00F49D25 /* A1039.cpp */,
				DFF09BB023BE23CC00D9C296 /* A1040.cpp */,
				DF71504223BCDC3000F49D25 /* A1041.cpp */,
				DF71504423BCDF6600F49D25 /* A1042.cpp */,
				DF7E93BE22FAF49300C46ED8 /* A1043.cpp */,
				DF81B41223BE05DC006CE360 /* A1047.cpp */,
				DF81B41423BE0A78006CE360 /* A1048.cpp */,
				DF81B41623BE1655006CE360 /* A1050.cpp */,
				DFA1DB1523BF5E5B009B5209 /* A1051.cpp */,
				DF6C5F0122F47AEF00EE656F /* A1052.cpp */,
				DF86D29822FAC13E00797FE6 /* A1053.cpp */,
				DFA1DB1723BF683E009B5209 /* A1054.cpp */,
				DFA1DB1923BF6B64009B5209 /* A1061.cpp */,
				DFFCA7472301A0B000AC9CF3 /* A1076.cpp */,
				DFDC37BE22FBC43D00642902 /* AVL.cpp */,
				DF6C1D4B22CF363100B3760D /* B1001.cpp */,
				DF70B1D422ED941100C7B22D /* B1009.cpp */,
				DF7E224722F05D3D00D62E04 /* B1013A1059.cpp */,
				DFD7445622EF3EAD00D6C685 /* B1019A1069.cpp */,
				DF43902922EF140000AF8F9B /* B1020.cpp */,
				DF70B1DA22EDC75B00C7B22D /* B1022.cpp */,
				DF43902B22EF20A900AF8F9B /* B1023.cpp */,
				DF6C1D4E22CF3A8200B3760D /* B1032.cpp */,
				DF6C1D5222CF467700B3760D /* B1036.cpp */,
				DFD7445422EF2FDE00D6C685 /* B1040A1093.cpp */,
				DFE372EE2305A14C004D4A06 /* Bellman Ford.cpp */,
				DF9C90F122F672B20017F269 /* BFS.cpp */,
				DF7E224322EFF53D00D62E04 /* c1928.cpp */,
				DF6C1D5022CF3F5A00B3760D /* c1934.cpp */,
				DF6C1D5422CF528500B3760D /* c5901.cpp */,
				DF7E224922F1832C00D62E04 /* caculator.cpp */,
				DFC2191922F5CB5800637DC4 /* DFS.cpp */,
				DFDEB32B2302EA010016C545 /* dijkstra.cpp */,
				DF4D870722FB1D7100EBBED3 /* disjoint set.cpp */,
				DF93023D230C19D00089EBB9 /* floyd.cpp */,
				DF7E224522F03DAA00D62E04 /* fraction.cpp */,
				DFA057C622FC574A00B84ECD /* graph.cpp */,
				DFDF935F22FBFDC700617FB5 /* heap.cpp */,
				DFA057C422FC0D9500B84ECD /* huffman tree.cpp */,
				DFFF017B230C3D0D000614C1 /* kruscal.cpp */,
				DF37254F22A2C44E004A1536 /* LinkList.cpp */,
				DF37255022A2C44E004A1536 /* LinkList.hpp */,
				DF5E99AC22A2AD6D00954903 /* main.cpp */,
				DF93023F230C25670089EBB9 /* prim.cpp */,
				DFAAC5AE22B0E8DA00DF0EF0 /* QuickSort.cpp */,
				DFAAC5AF22B0E8DA00DF0EF0 /* QuickSort.hpp */,
				DF8BB9C922A2B1990019739A /* SeqList.cpp */,
				DF8BB9CA22A2B1990019739A /* SeqList.hpp */,
				DF70B1D622ED9ADE00C7B22D /* sort.cpp */,
				DF93023B230C0D0D0089EBB9 /* SPFA.cpp */,
				DF70B1D822EDA68400C7B22D /* stl.cpp */,
				DF4B724422F6E3B900645E34 /* Tree.cpp */,
			);
			path = DataStructure;
			sourceTree = "<group>";
		};
/* End PBXGroup section */

/* Begin PBXNativeTarget section */
		DF5E99A822A2AD6D00954903 /* DataStructure */ = {
			isa = PBXNativeTarget;
			buildConfigurationList = DF5E99B022A2AD6D00954903 /* Build configuration list for PBXNativeTarget "DataStructure" */;
			buildPhases = (
				DF5E99A522A2AD6D00954903 /* Sources */,
				DF5E99A622A2AD6D00954903 /* Frameworks */,
				DF5E99A722A2AD6D00954903 /* CopyFiles */,
			);
			buildRules = (
			);
			dependencies = (
			);
			name = DataStructure;
			productName = DataStructure;
			productReference = DF5E99A922A2AD6D00954903 /* DataStructure */;
			productType = "com.apple.product-type.tool";
		};
/* End PBXNativeTarget section */

/* Begin PBXProject section */
		DF5E99A122A2AD6D00954903 /* Project object */ = {
			isa = PBXProject;
			attributes = {
				LastUpgradeCheck = 1020;
				ORGANIZATIONNAME = none;
				TargetAttributes = {
					DF5E99A822A2AD6D00954903 = {
						CreatedOnToolsVersion = 10.2.1;
					};
				};
			};
			buildConfigurationList = DF5E99A422A2AD6D00954903 /* Build configuration list for PBXProject "DataStructure" */;
			compatibilityVersion = "Xcode 9.3";
			developmentRegion = en;
			hasScannedForEncodings = 0;
			knownRegions = (
				en,
			);
			mainGroup = DF5E99A022A2AD6D00954903;
			productRefGroup = DF5E99AA22A2AD6D00954903 /* Products */;
			projectDirPath = "";
			projectRoot = "";
			targets = (
				DF5E99A822A2AD6D00954903 /* DataStructure */,
			);
		};
/* End PBXProject section */

/* Begin PBXSourcesBuildPhase section */
		DF5E99A522A2AD6D00954903 /* Sources */ = {
			isa = PBXSourcesBuildPhase;
			buildActionMask = 2147483647;
			files = (
				DF4B724522F6E3B900645E34 /* Tree.cpp in Sources */,
				DF3BC46523BA453200F70ED8 /* A1027.cpp in Sources */,
				DF71503D23BCB8E100F49D25 /* A1037.cpp in Sources */,
				DF3BC45F23BA13B900F70ED8 /* A1023.cpp in Sources */,
				DFDEB32C2302EA010016C545 /* dijkstra.cpp in Sources */,
				DF70B1DB22EDC75B00C7B22D /* B1022.cpp in Sources */,
				DFA7B16A23BB61AE00922F63 /* A1036.cpp in Sources */,
				DF70B1D722ED9ADE00C7B22D /* sort.cpp in Sources */,
				DF930240230C25670089EBB9 /* prim.cpp in Sources */,
				DF45D40123B76F57004D3FAC /* A1014.cpp in Sources */,
				DF71504523BCDF6600F49D25 /* A1042.cpp in Sources */,
				DF71920123B4CB7700D5237E /* A1010.cpp in Sources */,
				DF18FBE723B22EDE0040940A /* A1002.cpp in Sources */,
				DF71920523B4DA3F00D5237E /* A1012.cpp in Sources */,
				DF43902C22EF20A900AF8F9B /* B1023.cpp in Sources */,
				DFB8AD0923BB3C5E00B8FBB1 /* A1035.cpp in Sources */,
				DF9C90F222F672B20017F269 /* BFS.cpp in Sources */,
				DF45D40523B797CB004D3FAC /* A1016.cpp in Sources */,
				DFA7B16623BB52FF00922F63 /* A1029.cpp in Sources */,
				DF75610223B3954B00E15222 /* A1007.cpp in Sources */,
				DFA1DB1823BF683E009B5209 /* A1054.cpp in Sources */,
				DFFCA7482301A0B000AC9CF3 /* A1076.cpp in Sources */,
				DF3BC46123BA1AFB00F70ED8 /* A1024.cpp in Sources */,
				DF5E99AD22A2AD6D00954903 /* main.cpp in Sources */,
				DF1B51932325E0DF005A4744 /* 7-3.cpp in Sources */,
				DF86D29922FAC13E00797FE6 /* A1053.cpp in Sources */,
				DF81B41723BE1655006CE360 /* A1050.cpp in Sources */,
				DF8BB9CB22A2B1990019739A /* SeqList.cpp in Sources */,
				DFD7445722EF3EAD00D6C685 /* B1019A1069.cpp in Sources */,
				DF7E224422EFF53D00D62E04 /* c1928.cpp in Sources */,
				DF188E3722FEE86000E89EC2 /* A1034.cpp in Sources */,
				DFA1DB1623BF5E5B009B5209 /* A1051.cpp in Sources */,
				DF18FBE523B2298B0040940A /* A1001.cpp in Sources */,
				DFB8AD0B23BB42BF00B8FBB1 /* A1028.cpp in Sources */,
				DFF09BB123BE23CC00D9C296 /* A1040.cpp in Sources */,
				DF70B1D922EDA68400C7B22D /* stl.cpp in Sources */,
				DF71503F23BCBE0400F49D25 /* A1038.cpp in Sources */,
				DF7560FC23B37B0800E15222 /* A1005.cpp in Sources */,
				DF6C1D5122CF3F5A00B3760D /* c1934.cpp in Sources */,
				DF7E93BF22FAF49300C46ED8 /* A1043.cpp in Sources */,
				DF6C1D4F22CF3A8200B3760D /* B1032.cpp in Sources */,
				DF6D3A5423B8BF0D00A7E481 /* A1017.cpp in Sources */,
				DF71504323BCDC3000F49D25 /* A1041.cpp in Sources */,
				DF7E224A22F1832C00D62E04 /* caculator.cpp in Sources */,
				DF6C5F0222F47AEF00EE656F /* A1052.cpp in Sources */,
				DF6C1D4D22CF363100B3760D /* B1001.cpp in Sources */,
				DF93023C230C0D0D0089EBB9 /* SPFA.cpp in Sources */,
				DF6C1D5522CF528500B3760D /* c5901.cpp in Sources */,
				DFDC37BF22FBC43D00642902 /* AVL.cpp in Sources */,
				DF70B1D522ED941100C7B22D /* B1009.cpp in Sources */,
				DFE372EF2305A14C004D4A06 /* Bellman Ford.cpp in Sources */,
				DFC2191A22F5CB5800637DC4 /* DFS.cpp in Sources */,
				DFA7B16823BB5B0C00922F63 /* A1031.cpp in Sources */,
				DF37255122A2C44E004A1536 /* LinkList.cpp in Sources */,
				DFD7445522EF2FDE00D6C685 /* B1040A1093.cpp in Sources */,
				DF18FBE923B2398B0040940A /* A1004.cpp in Sources */,
				DFA057C522FC0D9500B84ECD /* huffman tree.cpp in Sources */,
				DF1CF85D22F45DDB0058FA16 /* A1032.cpp in Sources */,
				DF75610023B37F4B00E15222 /* A1006.cpp in Sources */,
				DF4D870822FB1D7100EBBED3 /* disjoint set.cpp in Sources */,
				DF81B41523BE0A78006CE360 /* A1048.cpp in Sources */,
				DF6D3A5623B8D90C00A7E481 /* A1019.cpp in Sources */,
				DF7E224622F03DAA00D62E04 /* fraction.cpp in Sources */,
				DF75610623B3A01300E15222 /* A1009.cpp in Sources */,
				DF75610423B39CEA00E15222 /* A1008.cpp in Sources */,
				DFFF017C230C3D0D000614C1 /* kruscal.cpp in Sources */,
				DF6C1D5322CF467700B3760D /* B1036.cpp in Sources */,
				DF6D3A5823B8E57C00A7E481 /* A1022.cpp in Sources */,
				DFDF936022FBFDC700617FB5 /* heap.cpp in Sources */,
				DFAAC5B022B0E8DA00DF0EF0 /* QuickSort.cpp in Sources */,
				DF43902822EE7F6900AF8F9B /* A1025.cpp in Sources */,
				DFA1DB1A23BF6B64009B5209 /* A1061.cpp in Sources */,
				DF93023E230C19D00089EBB9 /* floyd.cpp in Sources */,
				DF71504123BCCEDD00F49D25 /* A1039.cpp in Sources */,
				DF43902A22EF140000AF8F9B /* B1020.cpp in Sources */,
				DFA057C722FC574A00B84ECD /* graph.cpp in Sources */,
				DF71920323B4D6DE00D5237E /* A1011.cpp in Sources */,
				DF7E224822F05D3D00D62E04 /* B1013A1059.cpp in Sources */,
				DFE372EB23044A7A004D4A06 /* A1003.cpp in Sources */,
				DF3BC46323BA2CBB00F70ED8 /* A1026.cpp in Sources */,
				DFE372ED2305836C004D4A06 /* A1030.cpp in Sources */,
				DF45D40323B7888E004D3FAC /* A1015.cpp in Sources */,
				DF71920723B4F06D00D5237E /* A1013.cpp in Sources */,
				DF81B41323BE05DC006CE360 /* A1047.cpp in Sources */,
			);
			runOnlyForDeploymentPostprocessing = 0;
		};
/* End PBXSourcesBuildPhase section */

/* Begin XCBuildConfiguration section */
		DF5E99AE22A2AD6D00954903 /* Debug */ = {
			isa = XCBuildConfiguration;
			buildSettings = {
				ALWAYS_SEARCH_USER_PATHS = NO;
				CLANG_ANALYZER_NONNULL = YES;
				CLANG_ANALYZER_NUMBER_OBJECT_CONVERSION = YES_AGGRESSIVE;
				CLANG_CXX_LANGUAGE_STANDARD = "gnu++14";
				CLANG_CXX_LIBRARY = "libc++";
				CLANG_ENABLE_MODULES = YES;
				CLANG_ENABLE_OBJC_ARC = YES;
				CLANG_ENABLE_OBJC_WEAK = YES;
				CLANG_WARN_BLOCK_CAPTURE_AUTORELEASING = YES;
				CLANG_WARN_BOOL_CONVERSION = YES;
				CLANG_WARN_COMMA = YES;
				CLANG_WARN_CONSTANT_CONVERSION = YES;
				CLANG_WARN_DEPRECATED_OBJC_IMPLEMENTATIONS = YES;
				CLANG_WARN_DIRECT_OBJC_ISA_USAGE = YES_ERROR;
				CLANG_WARN_DOCUMENTATION_COMMENTS = YES;
				CLANG_WARN_EMPTY_BODY = YES;
				CLANG_WARN_ENUM_CONVERSION = YES;
				CLANG_WARN_INFINITE_RECURSION = YES;
				CLANG_WARN_INT_CONVERSION = YES;
				CLANG_WARN_NON_LITERAL_NULL_CONVERSION = YES;
				CLANG_WARN_OBJC_IMPLICIT_RETAIN_SELF = YES;
				CLANG_WARN_OBJC_LITERAL_CONVERSION = YES;
				CLANG_WARN_OBJC_ROOT_CLASS = YES_ERROR;
				CLANG_WARN_RANGE_LOOP_ANALYSIS = YES;
				CLANG_WARN_STRICT_PROTOTYPES = YES;
				CLANG_WARN_SUSPICIOUS_MOVE = YES;
				CLANG_WARN_UNGUARDED_AVAILABILITY = YES_AGGRESSIVE;
				CLANG_WARN_UNREACHABLE_CODE = YES;
				CLANG_WARN__DUPLICATE_METHOD_MATCH = YES;
				CODE_SIGN_IDENTITY = "-";
				COPY_PHASE_STRIP = NO;
				DEBUG_INFORMATION_FORMAT = dwarf;
				ENABLE_STRICT_OBJC_MSGSEND = YES;
				ENABLE_TESTABILITY = YES;
				GCC_C_LANGUAGE_STANDARD = gnu11;
				GCC_DYNAMIC_NO_PIC = NO;
				GCC_NO_COMMON_BLOCKS = YES;
				GCC_OPTIMIZATION_LEVEL = 0;
				GCC_PREPROCESSOR_DEFINITIONS = (
					"DEBUG=1",
					"$(inherited)",
				);
				GCC_WARN_64_TO_32_BIT_CONVERSION = YES;
				GCC_WARN_ABOUT_RETURN_TYPE = YES_ERROR;
				GCC_WARN_UNDECLARED_SELECTOR = YES;
				GCC_WARN_UNINITIALIZED_AUTOS = YES_AGGRESSIVE;
				GCC_WARN_UNUSED_FUNCTION = YES;
				GCC_WARN_UNUSED_VARIABLE = YES;
				MACOSX_DEPLOYMENT_TARGET = 10.14;
				MTL_ENABLE_DEBUG_INFO = INCLUDE_SOURCE;
				MTL_FAST_MATH = YES;
				ONLY_ACTIVE_ARCH = YES;
				SDKROOT = macosx;
			};
			name = Debug;
		};
		DF5E99AF22A2AD6D00954903 /* Release */ = {
			isa = XCBuildConfiguration;
			buildSettings = {
				ALWAYS_SEARCH_USER_PATHS = NO;
				CLANG_ANALYZER_NONNULL = YES;
				CLANG_ANALYZER_NUMBER_OBJECT_CONVERSION = YES_AGGRESSIVE;
				CLANG_CXX_LANGUAGE_STANDARD = "gnu++14";
				CLANG_CXX_LIBRARY = "libc++";
				CLANG_ENABLE_MODULES = YES;
				CLANG_ENABLE_OBJC_ARC = YES;
				CLANG_ENABLE_OBJC_WEAK = YES;
				CLANG_WARN_BLOCK_CAPTURE_AUTORELEASING = YES;
				CLANG_WARN_BOOL_CONVERSION = YES;
				CLANG_WARN_COMMA = YES;
				CLANG_WARN_CONSTANT_CONVERSION = YES;
				CLANG_WARN_DEPRECATED_OBJC_IMPLEMENTATIONS = YES;
				CLANG_WARN_DIRECT_OBJC_ISA_USAGE = YES_ERROR;
				CLANG_WARN_DOCUMENTATION_COMMENTS = YES;
				CLANG_WARN_EMPTY_BODY = YES;
				CLANG_WARN_ENUM_CONVERSION = YES;
				CLANG_WARN_INFINITE_RECURSION = YES;
				CLANG_WARN_INT_CONVERSION = YES;
				CLANG_WARN_NON_LITERAL_NULL_CONVERSION = YES;
				CLANG_WARN_OBJC_IMPLICIT_RETAIN_SELF = YES;
				CLANG_WARN_OBJC_LITERAL_CONVERSION = YES;
				CLANG_WARN_OBJC_ROOT_CLASS = YES_ERROR;
				CLANG_WARN_RANGE_LOOP_ANALYSIS = YES;
				CLANG_WARN_STRICT_PROTOTYPES = YES;
				CLANG_WARN_SUSPICIOUS_MOVE = YES;
				CLANG_WARN_UNGUARDED_AVAILABILITY = YES_AGGRESSIVE;
				CLANG_WARN_UNREACHABLE_CODE = YES;
				CLANG_WARN__DUPLICATE_METHOD_MATCH = YES;
				CODE_SIGN_IDENTITY = "-";
				COPY_PHASE_STRIP = NO;
				DEBUG_INFORMATION_FORMAT = "dwarf-with-dsym";
				ENABLE_NS_ASSERTIONS = NO;
				ENABLE_STRICT_OBJC_MSGSEND = YES;
				GCC_C_LANGUAGE_STANDARD = gnu11;
				GCC_NO_COMMON_BLOCKS = YES;
				GCC_WARN_64_TO_32_BIT_CONVERSION = YES;
				GCC_WARN_ABOUT_RETURN_TYPE = YES_ERROR;
				GCC_WARN_UNDECLARED_SELECTOR = YES;
				GCC_WARN_UNINITIALIZED_AUTOS = YES_AGGRESSIVE;
				GCC_WARN_UNUSED_FUNCTION = YES;
				GCC_WARN_UNUSED_VARIABLE = YES;
				MACOSX_DEPLOYMENT_TARGET = 10.14;
				MTL_ENABLE_DEBUG_INFO = NO;
				MTL_FAST_MATH = YES;
				SDKROOT = macosx;
			};
			name = Release;
		};
		DF5E99B122A2AD6D00954903 /* Debug */ = {
			isa = XCBuildConfiguration;
			buildSettings = {
				CLANG_CXX_LANGUAGE_STANDARD = "gnu++14";
				CODE_SIGN_STYLE = Automatic;
				PRODUCT_NAME = "$(TARGET_NAME)";
			};
			name = Debug;
		};
		DF5E99B222A2AD6D00954903 /* Release */ = {
			isa = XCBuildConfiguration;
			buildSettings = {
				CLANG_CXX_LANGUAGE_STANDARD = "gnu++14";
				CODE_SIGN_STYLE = Automatic;
				PRODUCT_NAME = "$(TARGET_NAME)";
			};
			name = Release;
		};
/* End XCBuildConfiguration section */

/* Begin XCConfigurationList section */
		DF5E99A422A2AD6D00954903 /* Build configuration list for PBXProject "DataStructure" */ = {
			isa = XCConfigurationList;
			buildConfigurations = (
				DF5E99AE22A2AD6D00954903 /* Debug */,
				DF5E99AF22A2AD6D00954903 /* Release */,
			);
			defaultConfigurationIsVisible = 0;
			defaultConfigurationName = Release;
		};
		DF5E99B022A2AD6D00954903 /* Build configuration list for PBXNativeTarget "DataStructure" */ = {
			isa = XCConfigurationList;
			buildConfigurations = (
				DF5E99B122A2AD6D00954903 /* Debug */,
				DF5E99B222A2AD6D00954903 /* Release */,
			);
			defaultConfigurationIsVisible = 0;
			defaultConfigurationName = Release;
		};
/* End XCConfigurationList section */
	};
	rootObject = DF5E99A122A2AD6D00954903 /* Project object */;
}
